
Microsoft Visual Studio Solution File, Format Version 12.00
# Visual Studio 2012
Project("{FAE04EC0-301F-11D3-BF4B-00C04F79EFBC}") = "BoaBee.iOS", "iOS\BoaBee.iOS.csproj", "{F6CAB31F-F0FE-4870-9AF0-BF96D5005FAA}"
EndProject
Project("{FAE04EC0-301F-11D3-BF4B-00C04F79EFBC}") = "BoaBee.UITests", "UITests\BoaBee.UITests.csproj", "{A488AC44-5F4E-45FC-AB5E-712EAC063E8E}"
EndProject
Project("{FAE04EC0-301F-11D3-BF4B-00C04F79EFBC}") = "BoaBeePCL", "BoaBeePCL\BoaBeePCL.csproj", "{C90FACED-54E5-4F33-AEA8-C048D341560B}"
EndProject
Project("{FAE04EC0-301F-11D3-BF4B-00C04F79EFBC}") = "BoaBee.Droid", "Droid\BoaBee.Droid.csproj", "{83789144-C8C9-4E79-851A-93C0D9C690FE}"
EndProject
Project("{2150E333-8FDC-42A3-9474-1A3956D46DE8}") = "Solution Items", "Solution Items", "{7AFACC71-B930-4654-949D-1A7C1E1C7055}"
	ProjectSection(SolutionItems) = preProject
		Activity_share_screen.axml = Activity_share_screen.axml
	EndProjectSection
EndProject
Project("{D954291E-2A0B-460D-934E-DC6B0785DB48}") = "MultiWriter", "MultiWriter\MultiWriter.shproj", "{2C93762B-81B2-4439-8300-8C0F6CADEB11}"
EndProject
Project("{FAE04EC0-301F-11D3-BF4B-00C04F79EFBC}") = "AdvancedColorPicker-Unified", "AdvancedColorPicker-master\AdvancedColorPicker-Unified\AdvancedColorPicker-Unified.csproj", "{AC4519F9-F624-4562-8E36-23B22C1E92DA}"
EndProject
Project("{D954291E-2A0B-460D-934E-DC6B0785DB48}") = "BoaBeeLogic", "BoaBeeLogic\BoaBeeLogic.shproj", "{9A89852A-E875-472A-AB5C-076523013E70}"
EndProject
Global
	GlobalSection(SolutionConfigurationPlatforms) = preSolution
		Debug|iPhoneSimulator = Debug|iPhoneSimulator
		Release|iPhone = Release|iPhone
		Release|iPhoneSimulator = Release|iPhoneSimulator
		Debug|iPhone = Debug|iPhone
		Debug|Any CPU = Debug|Any CPU
		Release|Any CPU = Release|Any CPU
	EndGlobalSection
	GlobalSection(ProjectConfigurationPlatforms) = postSolution
		{83789144-C8C9-4E79-851A-93C0D9C690FE}.Debug|Any CPU.ActiveCfg = Debug|Any CPU
		{83789144-C8C9-4E79-851A-93C0D9C690FE}.Debug|Any CPU.Build.0 = Debug|Any CPU
		{83789144-C8C9-4E79-851A-93C0D9C690FE}.Debug|iPhone.ActiveCfg = Debug|Any CPU
		{83789144-C8C9-4E79-851A-93C0D9C690FE}.Debug|iPhone.Build.0 = Debug|Any CPU
		{83789144-C8C9-4E79-851A-93C0D9C690FE}.Debug|iPhoneSimulator.ActiveCfg = Debug|Any CPU
		{83789144-C8C9-4E79-851A-93C0D9C690FE}.Debug|iPhoneSimulator.Build.0 = Debug|Any CPU
		{83789144-C8C9-4E79-851A-93C0D9C690FE}.Release|Any CPU.ActiveCfg = Release|Any CPU
		{83789144-C8C9-4E79-851A-93C0D9C690FE}.Release|Any CPU.Build.0 = Release|Any CPU
		{83789144-C8C9-4E79-851A-93C0D9C690FE}.Release|iPhone.ActiveCfg = Release|Any CPU
		{83789144-C8C9-4E79-851A-93C0D9C690FE}.Release|iPhone.Build.0 = Release|Any CPU
		{83789144-C8C9-4E79-851A-93C0D9C690FE}.Release|iPhoneSimulator.ActiveCfg = Release|Any CPU
		{83789144-C8C9-4E79-851A-93C0D9C690FE}.Release|iPhoneSimulator.Build.0 = Release|Any CPU
		{A488AC44-5F4E-45FC-AB5E-712EAC063E8E}.Debug|Any CPU.ActiveCfg = Debug|Any CPU
		{A488AC44-5F4E-45FC-AB5E-712EAC063E8E}.Debug|Any CPU.Build.0 = Debug|Any CPU
		{A488AC44-5F4E-45FC-AB5E-712EAC063E8E}.Debug|iPhone.ActiveCfg = Debug|Any CPU
		{A488AC44-5F4E-45FC-AB5E-712EAC063E8E}.Debug|iPhone.Build.0 = Debug|Any CPU
		{A488AC44-5F4E-45FC-AB5E-712EAC063E8E}.Debug|iPhoneSimulator.ActiveCfg = Debug|Any CPU
		{A488AC44-5F4E-45FC-AB5E-712EAC063E8E}.Debug|iPhoneSimulator.Build.0 = Debug|Any CPU
		{A488AC44-5F4E-45FC-AB5E-712EAC063E8E}.Release|Any CPU.ActiveCfg = Release|Any CPU
		{A488AC44-5F4E-45FC-AB5E-712EAC063E8E}.Release|Any CPU.Build.0 = Release|Any CPU
		{A488AC44-5F4E-45FC-AB5E-712EAC063E8E}.Release|iPhone.ActiveCfg = Release|Any CPU
		{A488AC44-5F4E-45FC-AB5E-712EAC063E8E}.Release|iPhone.Build.0 = Release|Any CPU
		{A488AC44-5F4E-45FC-AB5E-712EAC063E8E}.Release|iPhoneSimulator.ActiveCfg = Release|Any CPU
		{A488AC44-5F4E-45FC-AB5E-712EAC063E8E}.Release|iPhoneSimulator.Build.0 = Release|Any CPU
		{AC4519F9-F624-4562-8E36-23B22C1E92DA}.Debug|Any CPU.ActiveCfg = Debug|Any CPU
		{AC4519F9-F624-4562-8E36-23B22C1E92DA}.Debug|Any CPU.Build.0 = Debug|Any CPU
		{AC4519F9-F624-4562-8E36-23B22C1E92DA}.Debug|iPhone.ActiveCfg = Debug|Any CPU
		{AC4519F9-F624-4562-8E36-23B22C1E92DA}.Debug|iPhone.Build.0 = Debug|Any CPU
		{AC4519F9-F624-4562-8E36-23B22C1E92DA}.Debug|iPhoneSimulator.ActiveCfg = Debug|Any CPU
		{AC4519F9-F624-4562-8E36-23B22C1E92DA}.Debug|iPhoneSimulator.Build.0 = Debug|Any CPU
		{AC4519F9-F624-4562-8E36-23B22C1E92DA}.Release|Any CPU.ActiveCfg = Release|Any CPU
		{AC4519F9-F624-4562-8E36-23B22C1E92DA}.Release|Any CPU.Build.0 = Release|Any CPU
		{AC4519F9-F624-4562-8E36-23B22C1E92DA}.Release|iPhone.ActiveCfg = Release|Any CPU
		{AC4519F9-F624-4562-8E36-23B22C1E92DA}.Release|iPhone.Build.0 = Release|Any CPU
		{AC4519F9-F624-4562-8E36-23B22C1E92DA}.Release|iPhoneSimulator.ActiveCfg = Release|Any CPU
		{AC4519F9-F624-4562-8E36-23B22C1E92DA}.Release|iPhoneSimulator.Build.0 = Release|Any CPU
		{C90FACED-54E5-4F33-AEA8-C048D341560B}.Debug|Any CPU.ActiveCfg = Debug|Any CPU
		{C90FACED-54E5-4F33-AEA8-C048D341560B}.Debug|Any CPU.Build.0 = Debug|Any CPU
		{C90FACED-54E5-4F33-AEA8-C048D341560B}.Debug|iPhone.ActiveCfg = Debug|Any CPU
		{C90FACED-54E5-4F33-AEA8-C048D341560B}.Debug|iPhone.Build.0 = Debug|Any CPU
		{C90FACED-54E5-4F33-AEA8-C048D341560B}.Debug|iPhoneSimulator.ActiveCfg = Debug|Any CPU
		{C90FACED-54E5-4F33-AEA8-C048D341560B}.Debug|iPhoneSimulator.Build.0 = Debug|Any CPU
		{C90FACED-54E5-4F33-AEA8-C048D341560B}.Release|Any CPU.ActiveCfg = Release|Any CPU
		{C90FACED-54E5-4F33-AEA8-C048D341560B}.Release|Any CPU.Build.0 = Release|Any CPU
		{C90FACED-54E5-4F33-AEA8-C048D341560B}.Release|iPhone.ActiveCfg = Release|Any CPU
		{C90FACED-54E5-4F33-AEA8-C048D341560B}.Release|iPhone.Build.0 = Release|Any CPU
		{C90FACED-54E5-4F33-AEA8-C048D341560B}.Release|iPhoneSimulator.ActiveCfg = Release|Any CPU
		{C90FACED-54E5-4F33-AEA8-C048D341560B}.Release|iPhoneSimulator.Build.0 = Release|Any CPU
		{F6CAB31F-F0FE-4870-9AF0-BF96D5005FAA}.Debug|Any CPU.ActiveCfg = Debug|iPhoneSimulator
		{F6CAB31F-F0FE-4870-9AF0-BF96D5005FAA}.Debug|Any CPU.Build.0 = Debug|iPhoneSimulator
		{F6CAB31F-F0FE-4870-9AF0-BF96D5005FAA}.Debug|iPhone.ActiveCfg = Debug|iPhone
		{F6CAB31F-F0FE-4870-9AF0-BF96D5005FAA}.Debug|iPhone.Build.0 = Debug|iPhone
		{F6CAB31F-F0FE-4870-9AF0-BF96D5005FAA}.Debug|iPhoneSimulator.ActiveCfg = Debug|iPhoneSimulator
		{F6CAB31F-F0FE-4870-9AF0-BF96D5005FAA}.Debug|iPhoneSimulator.Build.0 = Debug|iPhoneSimulator
		{F6CAB31F-F0FE-4870-9AF0-BF96D5005FAA}.Release|Any CPU.ActiveCfg = Release|iPhone
		{F6CAB31F-F0FE-4870-9AF0-BF96D5005FAA}.Release|Any CPU.Build.0 = Release|iPhone
		{F6CAB31F-F0FE-4870-9AF0-BF96D5005FAA}.Release|iPhone.ActiveCfg = Release|iPhone
		{F6CAB31F-F0FE-4870-9AF0-BF96D5005FAA}.Release|iPhone.Build.0 = Release|iPhone
		{F6CAB31F-F0FE-4870-9AF0-BF96D5005FAA}.Release|iPhoneSimulator.ActiveCfg = Release|iPhoneSimulator
		{F6CAB31F-F0FE-4870-9AF0-BF96D5005FAA}.Release|iPhoneSimulator.Build.0 = Release|iPhoneSimulator
	EndGlobalSection
	GlobalSection(MonoDevelopProperties) = preSolution
		Policies = $0
		$0.TextStylePolicy = $1
		$1.inheritsSet = VisualStudio
		$1.inheritsScope = text/plain
		$1.scope = text/x-csharp
		$0.CSharpFormattingPolicy = $2
		$2.IndentSwitchSection = True
		$2.NewLinesForBracesInProperties = True
		$2.NewLinesForBracesInAccessors = True
		$2.NewLinesForBracesInAnonymousMethods = True
		$2.NewLinesForBracesInControlBlocks = True
		$2.NewLinesForBracesInAnonymousTypes = True
		$2.NewLinesForBracesInObjectCollectionArrayInitializers = True
		$2.NewLinesForBracesInLambdaExpressionBody = True
		$2.NewLineForElse = True
		$2.NewLineForCatch = True
		$2.NewLineForFinally = True
		$2.NewLineForMembersInObjectInit = True
		$2.NewLineForMembersInAnonymousTypes = True
		$2.NewLineForClausesInQuery = True
		$2.SpacingAfterMethodDeclarationName = False
		$2.SpaceAfterMethodCallName = False
		$2.SpaceBeforeOpenSquareBracket = False
		$2.inheritsSet = Mono
		$2.inheritsScope = text/x-csharp
		$2.scope = text/x-csharp
	EndGlobalSection
EndGlobal
